// !$*UTF8*$!
{
	archiveVersion = 1;
	classes = {
	};
	objectVersion = 46;
	objects = {

/* Begin PBXBuildFile section */
		E07D83C01A5B1950007ECC88 /* main.m in Sources */ = {isa = PBXBuildFile; fileRef = E07D83BF1A5B1950007ECC88 /* main.m */; };
		E07D83C31A5B1950007ECC88 /* AppDelegate.m in Sources */ = {isa = PBXBuildFile; fileRef = E07D83C21A5B1950007ECC88 /* AppDelegate.m */; };
		E07D83C61A5B1950007ECC88 /* ViewController.m in Sources */ = {isa = PBXBuildFile; fileRef = E07D83C51A5B1950007ECC88 /* ViewController.m */; };
		E07D83C91A5B1950007ECC88 /* Main.storyboard in Resources */ = {isa = PBXBuildFile; fileRef = E07D83C71A5B1950007ECC88 /* Main.storyboard */; };
		E07D83CB1A5B1950007ECC88 /* Images.xcassets in Resources */ = {isa = PBXBuildFile; fileRef = E07D83CA1A5B1950007ECC88 /* Images.xcassets */; };
		E07D83CE1A5B1950007ECC88 /* LaunchScreen.xib in Resources */ = {isa = PBXBuildFile; fileRef = E07D83CC1A5B1950007ECC88 /* LaunchScreen.xib */; };
		E07D83DA1A5B1950007ECC88 /* GalgoTests.m in Sources */ = {isa = PBXBuildFile; fileRef = E07D83D91A5B1950007ECC88 /* GalgoTests.m */; };
		E07D83E51A5B1A52007ECC88 /* IKGalgo.m in Sources */ = {isa = PBXBuildFile; fileRef = E07D83E41A5B1A52007ECC88 /* IKGalgo.m */; };
		E07D83E81A5B2CCA007ECC88 /* SecondViewController.m in Sources */ = {isa = PBXBuildFile; fileRef = E07D83E71A5B2CCA007ECC88 /* SecondViewController.m */; };
/* End PBXBuildFile section */

/* Begin PBXContainerItemProxy section */
		E07D83D41A5B1950007ECC88 /* PBXContainerItemProxy */ = {
			isa = PBXContainerItemProxy;
			containerPortal = E07D83B21A5B1950007ECC88 /* Project object */;
			proxyType = 1;
			remoteGlobalIDString = E07D83B91A5B1950007ECC88;
			remoteInfo = Galgo;
		};
/* End PBXContainerItemProxy section */

/* Begin PBXFileReference section */
		E07D83BA1A5B1950007ECC88 /* Galgo.app */ = {isa = PBXFileReference; explicitFileType = wrapper.application; includeInIndex = 0; path = Galgo.app; sourceTree = BUILT_PRODUCTS_DIR; };
		E07D83BE1A5B1950007ECC88 /* Info.plist */ = {isa = PBXFileReference; lastKnownFileType = text.plist.xml; path = Info.plist; sourceTree = "<group>"; };
		E07D83BF1A5B1950007ECC88 /* main.m */ = {isa = PBXFileReference; lastKnownFileType = sourcecode.c.objc; path = main.m; sourceTree = "<group>"; };
		E07D83C11A5B1950007ECC88 /* AppDelegate.h */ = {isa = PBXFileReference; lastKnownFileType = sourcecode.c.h; path = AppDelegate.h; sourceTree = "<group>"; };
		E07D83C21A5B1950007ECC88 /* AppDelegate.m */ = {isa = PBXFileReference; lastKnownFileType = sourcecode.c.objc; path = AppDelegate.m; sourceTree = "<group>"; };
		E07D83C41A5B1950007ECC88 /* ViewController.h */ = {isa = PBXFileReference; lastKnownFileType = sourcecode.c.h; path = ViewController.h; sourceTree = "<group>"; };
		E07D83C51A5B1950007ECC88 /* ViewController.m */ = {isa = PBXFileReference; lastKnownFileType = sourcecode.c.objc; path = ViewController.m; sourceTree = "<group>"; };
		E07D83C81A5B1950007ECC88 /* Base */ = {isa = PBXFileReference; lastKnownFileType = file.storyboard; name = Base; path = Base.lproj/Main.storyboard; sourceTree = "<group>"; };
		E07D83CA1A5B1950007ECC88 /* Images.xcassets */ = {isa = PBXFileReference; lastKnownFileType = folder.assetcatalog; path = Images.xcassets; sourceTree = "<group>"; };
		E07D83CD1A5B1950007ECC88 /* Base */ = {isa = PBXFileReference; lastKnownFileType = file.xib; name = Base; path = Base.lproj/LaunchScreen.xib; sourceTree = "<group>"; };
		E07D83D31A5B1950007ECC88 /* GalgoTests.xctest */ = {isa = PBXFileReference; explicitFileType = wrapper.cfbundle; includeInIndex = 0; path = GalgoTests.xctest; sourceTree = BUILT_PRODUCTS_DIR; };
		E07D83D81A5B1950007ECC88 /* Info.plist */ = {isa = PBXFileReference; lastKnownFileType = text.plist.xml; path = Info.plist; sourceTree = "<group>"; };
		E07D83D91A5B1950007ECC88 /* GalgoTests.m */ = {isa = PBXFileReference; lastKnownFileType = sourcecode.c.objc; path = GalgoTests.m; sourceTree = "<group>"; };
		E07D83E31A5B1A52007ECC88 /* IKGalgo.h */ = {isa = PBXFileReference; fileEncoding = 4; lastKnownFileType = sourcecode.c.h; name = IKGalgo.h; path = GalgoLibrary/IKGalgo.h; sourceTree = SOURCE_ROOT; };
		E07D83E41A5B1A52007ECC88 /* IKGalgo.m */ = {isa = PBXFileReference; fileEncoding = 4; lastKnownFileType = sourcecode.c.objc; name = IKGalgo.m; path = GalgoLibrary/IKGalgo.m; sourceTree = SOURCE_ROOT; };
		E07D83E61A5B2CCA007ECC88 /* SecondViewController.h */ = {isa = PBXFileReference; fileEncoding = 4; lastKnownFileType = sourcecode.c.h; path = SecondViewController.h; sourceTree = "<group>"; };
		E07D83E71A5B2CCA007ECC88 /* SecondViewController.m */ = {isa = PBXFileReference; fileEncoding = 4; lastKnownFileType = sourcecode.c.objc; path = SecondViewController.m; sourceTree = "<group>"; };
/* End PBXFileReference section */

/* Begin PBXFrameworksBuildPhase section */
		E07D83B71A5B1950007ECC88 /* Frameworks */ = {
			isa = PBXFrameworksBuildPhase;
			buildActionMask = 2147483647;
			files = (
			);
			runOnlyForDeploymentPostprocessing = 0;
		};
		E07D83D01A5B1950007ECC88 /* Frameworks */ = {
			isa = PBXFrameworksBuildPhase;
			buildActionMask = 2147483647;
			files = (
			);
			runOnlyForDeploymentPostprocessing = 0;
		};
/* End PBXFrameworksBuildPhase section */

/* Begin PBXGroup section */
		E07D83B11A5B1950007ECC88 = {
			isa = PBXGroup;
			children = (
				E07D83BC1A5B1950007ECC88 /* Galgo */,
				E07D83D61A5B1950007ECC88 /* GalgoTests */,
				E07D83BB1A5B1950007ECC88 /* Products */,
			);
			sourceTree = "<group>";
		};
		E07D83BB1A5B1950007ECC88 /* Products */ = {
			isa = PBXGroup;
			children = (
				E07D83BA1A5B1950007ECC88 /* Galgo.app */,
				E07D83D31A5B1950007ECC88 /* GalgoTests.xctest */,
			);
			name = Products;
			sourceTree = "<group>";
		};
		E07D83BC1A5B1950007ECC88 /* Galgo */ = {
			isa = PBXGroup;
			children = (
				E07D83C11A5B1950007ECC88 /* AppDelegate.h */,
				E07D83C21A5B1950007ECC88 /* AppDelegate.m */,
				E07D83C41A5B1950007ECC88 /* ViewController.h */,
				E07D83C51A5B1950007ECC88 /* ViewController.m */,
				E07D83E61A5B2CCA007ECC88 /* SecondViewController.h */,
				E07D83E71A5B2CCA007ECC88 /* SecondViewController.m */,
				E07D83C71A5B1950007ECC88 /* Main.storyboard */,
				E07D83CA1A5B1950007ECC88 /* Images.xcassets */,
				E07D83CC1A5B1950007ECC88 /* LaunchScreen.xib */,
				E07D83BD1A5B1950007ECC88 /* Supporting Files */,
				E07D83E31A5B1A52007ECC88 /* IKGalgo.h */,
				E07D83E41A5B1A52007ECC88 /* IKGalgo.m */,
			);
			path = Galgo;
			sourceTree = "<group>";
		};
		E07D83BD1A5B1950007ECC88 /* Supporting Files */ = {
			isa = PBXGroup;
			children = (
				E07D83BE1A5B1950007ECC88 /* Info.plist */,
				E07D83BF1A5B1950007ECC88 /* main.m */,
			);
			name = "Supporting Files";
			sourceTree = "<group>";
		};
		E07D83D61A5B1950007ECC88 /* GalgoTests */ = {
			isa = PBXGroup;
			children = (
				E07D83D91A5B1950007ECC88 /* GalgoTests.m */,
				E07D83D71A5B1950007ECC88 /* Supporting Files */,
			);
			path = GalgoTests;
			sourceTree = "<group>";
		};
		E07D83D71A5B1950007ECC88 /* Supporting Files */ = {
			isa = PBXGroup;
			children = (
				E07D83D81A5B1950007ECC88 /* Info.plist */,
			);
			name = "Supporting Files";
			sourceTree = "<group>";
		};
/* End PBXGroup section */

/* Begin PBXNativeTarget section */
		E07D83B91A5B1950007ECC88 /* Galgo */ = {
			isa = PBXNativeTarget;
			buildConfigurationList = E07D83DD1A5B1950007ECC88 /* Build configuration list for PBXNativeTarget "Galgo" */;
			buildPhases = (
				E07D83B61A5B1950007ECC88 /* Sources */,
				E07D83B71A5B1950007ECC88 /* Frameworks */,
				E07D83B81A5B1950007ECC88 /* Resources */,
			);
			buildRules = (
			);
			dependencies = (
			);
			name = Galgo;
			productName = Galgo;
			productReference = E07D83BA1A5B1950007ECC88 /* Galgo.app */;
			productType = "com.apple.product-type.application";
		};
		E07D83D21A5B1950007ECC88 /* GalgoTests */ = {
			isa = PBXNativeTarget;
			buildConfigurationList = E07D83E01A5B1950007ECC88 /* Build configuration list for PBXNativeTarget "GalgoTests" */;
			buildPhases = (
				E07D83CF1A5B1950007ECC88 /* Sources */,
				E07D83D01A5B1950007ECC88 /* Frameworks */,
				E07D83D11A5B1950007ECC88 /* Resources */,
			);
			buildRules = (
			);
			dependencies = (
				E07D83D51A5B1950007ECC88 /* PBXTargetDependency */,
			);
			name = GalgoTests;
			productName = GalgoTests;
			productReference = E07D83D31A5B1950007ECC88 /* GalgoTests.xctest */;
			productType = "com.apple.product-type.bundle.unit-test";
		};
/* End PBXNativeTarget section */

/* Begin PBXProject section */
		E07D83B21A5B1950007ECC88 /* Project object */ = {
			isa = PBXProject;
			attributes = {
				LastUpgradeCheck = 0610;
				ORGANIZATIONNAME = "Andres Canal";
				TargetAttributes = {
					E07D83B91A5B1950007ECC88 = {
						CreatedOnToolsVersion = 6.1.1;
					};
					E07D83D21A5B1950007ECC88 = {
						CreatedOnToolsVersion = 6.1.1;
						TestTargetID = E07D83B91A5B1950007ECC88;
					};
				};
			};
			buildConfigurationList = E07D83B51A5B1950007ECC88 /* Build configuration list for PBXProject "Galgo" */;
			compatibilityVersion = "Xcode 3.2";
			developmentRegion = English;
			hasScannedForEncodings = 0;
			knownRegions = (
				en,
				Base,
			);
			mainGroup = E07D83B11A5B1950007ECC88;
			productRefGroup = E07D83BB1A5B1950007ECC88 /* Products */;
			projectDirPath = "";
			projectRoot = "";
			targets = (
				E07D83B91A5B1950007ECC88 /* Galgo */,
				E07D83D21A5B1950007ECC88 /* GalgoTests */,
			);
		};
/* End PBXProject section */

/* Begin PBXResourcesBuildPhase section */
		E07D83B81A5B1950007ECC88 /* Resources */ = {
			isa = PBXResourcesBuildPhase;
			buildActionMask = 2147483647;
			files = (
				E07D83C91A5B1950007ECC88 /* Main.storyboard in Resources */,
				E07D83CE1A5B1950007ECC88 /* LaunchScreen.xib in Resources */,
				E07D83CB1A5B1950007ECC88 /* Images.xcassets in Resources */,
			);
			runOnlyForDeploymentPostprocessing = 0;
		};
		E07D83D11A5B1950007ECC88 /* Resources */ = {
			isa = PBXResourcesBuildPhase;
			buildActionMask = 2147483647;
			files = (
			);
			runOnlyForDeploymentPostprocessing = 0;
		};
/* End PBXResourcesBuildPhase section */

/* Begin PBXSourcesBuildPhase section */
		E07D83B61A5B1950007ECC88 /* Sources */ = {
			isa = PBXSourcesBuildPhase;
			buildActionMask = 2147483647;
			files = (
				E07D83E81A5B2CCA007ECC88 /* SecondViewController.m in Sources */,
				E07D83E51A5B1A52007ECC88 /* IKGalgo.m in Sources */,
				E07D83C61A5B1950007ECC88 /* ViewController.m in Sources */,
				E07D83C31A5B1950007ECC88 /* AppDelegate.m in Sources */,
				E07D83C01A5B1950007ECC88 /* main.m in Sources */,
			);
			runOnlyForDeploymentPostprocessing = 0;
		};
		E07D83CF1A5B1950007ECC88 /* Sources */ = {
			isa = PBXSourcesBuildPhase;
			buildActionMask = 2147483647;
			files = (
				E07D83DA1A5B1950007ECC88 /* GalgoTests.m in Sources */,
			);
			runOnlyForDeploymentPostprocessing = 0;
		};
/* End PBXSourcesBuildPhase section */

/* Begin PBXTargetDependency section */
		E07D83D51A5B1950007ECC88 /* PBXTargetDependency */ = {
			isa = PBXTargetDependency;
			target = E07D83B91A5B1950007ECC88 /* Galgo */;
			targetProxy = E07D83D41A5B1950007ECC88 /* PBXContainerItemProxy */;
		};
/* End PBXTargetDependency section */

/* Begin PBXVariantGroup section */
		E07D83C71A5B1950007ECC88 /* Main.storyboard */ = {
			isa = PBXVariantGroup;
			children = (
				E07D83C81A5B1950007ECC88 /* Base */,
			);
			name = Main.storyboard;
			sourceTree = "<group>";
		};
		E07D83CC1A5B1950007ECC88 /* LaunchScreen.xib */ = {
			isa = PBXVariantGroup;
			children = (
				E07D83CD1A5B1950007ECC88 /* Base */,
			);
			name = LaunchScreen.xib;
			sourceTree = "<group>";
		};
/* End PBXVariantGroup section */

/* Begin XCBuildConfiguration section */
		E07D83DB1A5B1950007ECC88 /* Debug */ = {
			isa = XCBuildConfiguration;
			buildSettings = {
				ALWAYS_SEARCH_USER_PATHS = NO;
				CLANG_CXX_LANGUAGE_STANDARD = "gnu++0x";
				CLANG_CXX_LIBRARY = "libc++";
				CLANG_ENABLE_MODULES = YES;
				CLANG_ENABLE_OBJC_ARC = YES;
				CLANG_WARN_BOOL_CONVERSION = YES;
				CLANG_WARN_CONSTANT_CONVERSION = YES;
				CLANG_WARN_DIRECT_OBJC_ISA_USAGE = YES_ERROR;
				CLANG_WARN_EMPTY_BODY = YES;
				CLANG_WARN_ENUM_CONVERSION = YES;
				CLANG_WARN_INT_CONVERSION = YES;
				CLANG_WARN_OBJC_ROOT_CLASS = YES_ERROR;
				CLANG_WARN_UNREACHABLE_CODE = YES;
				CLANG_WARN__DUPLICATE_METHOD_MATCH = YES;
				"CODE_SIGN_IDENTITY[sdk=iphoneos*]" = "iPhone Developer";
				COPY_PHASE_STRIP = NO;
				ENABLE_STRICT_OBJC_MSGSEND = YES;
				GCC_C_LANGUAGE_STANDARD = gnu99;
				GCC_DYNAMIC_NO_PIC = NO;
				GCC_OPTIMIZATION_LEVEL = 0;
				GCC_PREPROCESSOR_DEFINITIONS = (
					"DEBUG=1",
					"$(inherited)",
				);
				GCC_SYMBOLS_PRIVATE_EXTERN = NO;
				GCC_WARN_64_TO_32_BIT_CONVERSION = YES;
				GCC_WARN_ABOUT_RETURN_TYPE = YES_ERROR;
				GCC_WARN_UNDECLARED_SELECTOR = YES;
				GCC_WARN_UNINITIALIZED_AUTOS = YES_AGGRESSIVE;
				GCC_WARN_UNUSED_FUNCTION = YES;
				GCC_WARN_UNUSED_VARIABLE = YES;
				IPHONEOS_DEPLOYMENT_TARGET = 8.1;
				MTL_ENABLE_DEBUG_INFO = YES;
				ONLY_ACTIVE_ARCH = YES;
				SDKROOT = iphoneos;
			};
			name = Debug;
		};
		E07D83DC1A5B1950007ECC88 /* Release */ = {
			isa = XCBuildConfiguration;
			buildSettings = {
				ALWAYS_SEARCH_USER_PATHS = NO;
				CLANG_CXX_LANGUAGE_STANDARD = "gnu++0x";
				CLANG_CXX_LIBRARY = "libc++";
				CLANG_ENABLE_MODULES = YES;
				CLANG_ENABLE_OBJC_ARC = YES;
				CLANG_WARN_BOOL_CONVERSION = YES;
				CLANG_WARN_CONSTANT_CONVERSION = YES;
				CLANG_WARN_DIRECT_OBJC_ISA_USAGE = YES_ERROR;
				CLANG_WARN_EMPTY_BODY = YES;
				CLANG_WARN_ENUM_CONVERSION = YES;
				CLANG_WARN_INT_CONVERSION = YES;
				CLANG_WARN_OBJC_ROOT_CLASS = YES_ERROR;
				CLANG_WARN_UNREACHABLE_CODE = YES;
				CLANG_WARN__DUPLICATE_METHOD_MATCH = YES;
				"CODE_SIGN_IDENTITY[sdk=iphoneos*]" = "iPhone Developer";
				COPY_PHASE_STRIP = YES;
				ENABLE_NS_ASSERTIONS = NO;
				ENABLE_STRICT_OBJC_MSGSEND = YES;
				GCC_C_LANGUAGE_STANDARD = gnu99;
				GCC_WARN_64_TO_32_BIT_CONVERSION = YES;
				GCC_WARN_ABOUT_RETURN_TYPE = YES_ERROR;
				GCC_WARN_UNDECLARED_SELECTOR = YES;
				GCC_WARN_UNINITIALIZED_AUTOS = YES_AGGRESSIVE;
				GCC_WARN_UNUSED_FUNCTION = YES;
				GCC_WARN_UNUSED_VARIABLE = YES;
				IPHONEOS_DEPLOYMENT_TARGET = 8.1;
				MTL_ENABLE_DEBUG_INFO = NO;
				SDKROOT = iphoneos;
				VALIDATE_PRODUCT = YES;
			};
			name = Release;
		};
		E07D83DE1A5B1950007ECC88 /* Debug */ = {
			isa = XCBuildConfiguration;
			buildSettings = {
				ASSETCATALOG_COMPILER_APPICON_NAME = AppIcon;
				INFOPLIST_FILE = Galgo/Info.plist;
				LD_RUNPATH_SEARCH_PATHS = "$(inherited) @executable_path/Frameworks";
				PRODUCT_NAME = "$(TARGET_NAME)";
			};
			name = Debug;
		};
		E07D83DF1A5B1950007ECC88 /* Release */ = {
			isa = XCBuildConfiguration;
			buildSettings = {
				ASSETCATALOG_COMPILER_APPICON_NAME = AppIcon;
				INFOPLIST_FILE = Galgo/Info.plist;
				LD_RUNPATH_SEARCH_PATHS = "$(inherited) @executable_path/Frameworks";
				PRODUCT_NAME = "$(TARGET_NAME)";
			};
			name = Release;
		};
		E07D83E11A5B1950007ECC88 /* Debug */ = {
			isa = XCBuildConfiguration;
			buildSettings = {
				BUNDLE_LOADER = "$(TEST_HOST)";
				FRAMEWORK_SEARCH_PATHS = (
					"$(SDKROOT)/Developer/Library/Frameworks",
					"$(inherited)",
				);
				GCC_PREPROCESSOR_DEFINITIONS = (
					"DEBUG=1",
					"$(inherited)",
				);
				INFOPLIST_FILE = GalgoTests/Info.plist;
				LD_RUNPATH_SEARCH_PATHS = "$(inherited) @executable_path/Frameworks @loader_path/Frameworks";
				PRODUCT_NAME = "$(TARGET_NAME)";
				TEST_HOST = "$(BUILT_PRODUCTS_DIR)/Galgo.app/Galgo";
			};
			name = Debug;
		};
		E07D83E21A5B1950007ECC88 /* Release */ = {
			isa = XCBuildConfiguration;
			buildSettings = {
				BUNDLE_LOADER = "$(TEST_HOST)";
				FRAMEWORK_SEARCH_PATHS = (
					"$(SDKROOT)/Developer/Library/Frameworks",
					"$(inherited)",
				);
				INFOPLIST_FILE = GalgoTests/Info.plist;
				LD_RUNPATH_SEARCH_PATHS = "$(inherited) @executable_path/Frameworks @loader_path/Frameworks";
				PRODUCT_NAME = "$(TARGET_NAME)";
				TEST_HOST = "$(BUILT_PRODUCTS_DIR)/Galgo.app/Galgo";
			};
			name = Release;
		};
/* End XCBuildConfiguration section */

/* Begin XCConfigurationList section */
		E07D83B51A5B1950007ECC88 /* Build configuration list for PBXProject "Galgo" */ = {
			isa = XCConfigurationList;
			buildConfigurations = (
				E07D83DB1A5B1950007ECC88 /* Debug */,
				E07D83DC1A5B1950007ECC88 /* Release */,
			);
			defaultConfigurationIsVisible = 0;
			defaultConfigurationName = Release;
		};
		E07D83DD1A5B1950007ECC88 /* Build configuration list for PBXNativeTarget "Galgo" */ = {
			isa = XCConfigurationList;
			buildConfigurations = (
				E07D83DE1A5B1950007ECC88 /* Debug */,
				E07D83DF1A5B1950007ECC88 /* Release */,
			);
			defaultConfigurationIsVisible = 0;
		};
		E07D83E01A5B1950007ECC88 /* Build configuration list for PBXNativeTarget "GalgoTests" */ = {
			isa = XCConfigurationList;
			buildConfigurations = (
				E07D83E11A5B1950007ECC88 /* Debug */,
				E07D83E21A5B1950007ECC88 /* Release */,
			);
			defaultConfigurationIsVisible = 0;
		};
/* End XCConfigurationList section */
	};
	rootObject = E07D83B21A5B1950007ECC88 /* Project object */;
}
